{
  "version": "2",
  "remote": {
    "https://deno.land/std@0.188.0/fmt/printf.ts": "e5b426cd6ad13df5d408e9c375c025d59de30e380c5534715bd892df874ab057",
    "https://deno.land/x/sleep@v1.2.1/mod.ts": "f2d3c9e1ef1fb2852f580f6960384bed36bc18a2da357c35f11a089fcca44273",
    "https://deno.land/x/sleep@v1.2.1/sleep.ts": "2426efe5d3ce5de0b8af08bd36a8700deb5dc60e752f5f8f05d5e815a7e8cb0e",
    "https://deno.land/x/tui@1.3.4/src/key_reader.ts": "6d2209ff018b3d0c402b0ff1a77827b7497ab58cb885cffb6a111ebf60d0f573",
    "https://deno.land/x/tui@1.3.4/src/key_reader/types.ts": "23d9008e2f2541cac6ffb5fffe65a4b03199adcc3ff7b1276dfdf214b3888f8f",
    "https://deno.land/x/tui@1.3.4/src/key_reader/unix.ts": "9caa5d48bf7f2ecc4a94855cfbfa94e95a9ab618a55bc3b935e9e8acfb961cc4",
    "https://deno.land/x/tui@1.3.4/src/key_reader/windows.ts": "4715ee0380d318acc150c7f8ee1d42ed8694fb9fd7cf065cd06e91f047d3014c",
    "https://deno.land/x/tui@1.3.4/src/types.ts": "c16c426f900667fe10eee21d9ac997dfd03c9ff2702e94b9522492d9fb60af2b",
    "https://deno.land/x/tui@1.3.4/src/utils/ansi_codes.ts": "5aa84c4f21dc9329763ceb79e4b796a9d1d0ec4ed55b693b241c4d70d56926f0"
  }
}
